
Microsoft Visual Studio Solution File, Format Version 12.00
# Visual Studio 2013
VisualStudioVersion = 12.0.30723.0
MinimumVisualStudioVersion = 10.0.40219.1
Project("{FAE04EC0-301F-11D3-BF4B-00C04F79EFBC}") = "LojaVirtual.Dominio", "LojaVirtual.Dominio\LojaVirtual.Dominio.csproj", "{E73E8E16-AD3D-4F2A-91F7-AB0A46C12B76}"
EndProject
Project("{FAE04EC0-301F-11D3-BF4B-00C04F79EFBC}") = "LojaVirtual.Web", "LojaVirtual.Web\LojaVirtual.Web.csproj", "{2FFEE179-F1CA-449D-A1E8-312D34B3765B}"
EndProject
Project("{FAE04EC0-301F-11D3-BF4B-00C04F79EFBC}") = "LojaVirtual.UnitTest", "LojaVirtual.UnitTest\LojaVirtual.UnitTest.csproj", "{AF6F344F-2D18-479E-8FC8-7BCB9056282A}"
EndProject
Global
	GlobalSection(SolutionConfigurationPlatforms) = preSolution
		Debug|Any CPU = Debug|Any CPU
		Release|Any CPU = Release|Any CPU
	EndGlobalSection
	GlobalSection(ProjectConfigurationPlatforms) = postSolution
		{E73E8E16-AD3D-4F2A-91F7-AB0A46C12B76}.Debug|Any CPU.ActiveCfg = Debug|Any CPU
		{E73E8E16-AD3D-4F2A-91F7-AB0A46C12B76}.Debug|Any CPU.Build.0 = Debug|Any CPU
		{E73E8E16-AD3D-4F2A-91F7-AB0A46C12B76}.Release|Any CPU.ActiveCfg = Release|Any CPU
		{E73E8E16-AD3D-4F2A-91F7-AB0A46C12B76}.Release|Any CPU.Build.0 = Release|Any CPU
		{2FFEE179-F1CA-449D-A1E8-312D34B3765B}.Debug|Any CPU.ActiveCfg = Debug|Any CPU
		{2FFEE179-F1CA-449D-A1E8-312D34B3765B}.Debug|Any CPU.Build.0 = Debug|Any CPU
		{2FFEE179-F1CA-449D-A1E8-312D34B3765B}.Release|Any CPU.ActiveCfg = Release|Any CPU
		{2FFEE179-F1CA-449D-A1E8-312D34B3765B}.Release|Any CPU.Build.0 = Release|Any CPU
		{AF6F344F-2D18-479E-8FC8-7BCB9056282A}.Debug|Any CPU.ActiveCfg = Debug|Any CPU
		{AF6F344F-2D18-479E-8FC8-7BCB9056282A}.Debug|Any CPU.Build.0 = Debug|Any CPU
		{AF6F344F-2D18-479E-8FC8-7BCB9056282A}.Release|Any CPU.ActiveCfg = Release|Any CPU
		{AF6F344F-2D18-479E-8FC8-7BCB9056282A}.Release|Any CPU.Build.0 = Release|Any CPU
	EndGlobalSection
	GlobalSection(SolutionProperties) = preSolution
		HideSolutionNode = FALSE
	EndGlobalSection
EndGlobal
